
Microsoft Visual Studio Solution File, Format Version 12.00
# Visual Studio Version 17
VisualStudioVersion = 17.14.36221.1 d17.14
MinimumVisualStudioVersion = 10.0.40219.1
Project("{FAE04EC0-301F-11D3-BF4B-00C04F79EFBC}") = "CalculatorApp", "CalculatorApp\CalculatorApp.csproj", "{FD035526-0226-42CE-AAD3-51B2B4568522}"
EndProject
Project("{FAE04EC0-301F-11D3-BF4B-00C04F79EFBC}") = "Evaluate", "Evaluate\Evaluate.csproj", "{79A84EDC-4EF3-4648-8773-F5B59F1D5532}"
EndProject
Project("{FAE04EC0-301F-11D3-BF4B-00C04F79EFBC}") = "CalculatorApp.Test", "CalculatorApp.Test\CalculatorApp.Test.csproj", "{A0BB670A-3D80-4820-8A25-46B32F4379D7}"
EndProject
Global
	GlobalSection(SolutionConfigurationPlatforms) = preSolution
		Debug|Any CPU = Debug|Any CPU
		Release|Any CPU = Release|Any CPU
	EndGlobalSection
	GlobalSection(ProjectConfigurationPlatforms) = postSolution
		{FD035526-0226-42CE-AAD3-51B2B4568522}.Debug|Any CPU.ActiveCfg = Debug|Any CPU
		{FD035526-0226-42CE-AAD3-51B2B4568522}.Debug|Any CPU.Build.0 = Debug|Any CPU
		{FD035526-0226-42CE-AAD3-51B2B4568522}.Release|Any CPU.ActiveCfg = Release|Any CPU
		{FD035526-0226-42CE-AAD3-51B2B4568522}.Release|Any CPU.Build.0 = Release|Any CPU
		{79A84EDC-4EF3-4648-8773-F5B59F1D5532}.Debug|Any CPU.ActiveCfg = Debug|Any CPU
		{79A84EDC-4EF3-4648-8773-F5B59F1D5532}.Debug|Any CPU.Build.0 = Debug|Any CPU
		{79A84EDC-4EF3-4648-8773-F5B59F1D5532}.Release|Any CPU.ActiveCfg = Release|Any CPU
		{79A84EDC-4EF3-4648-8773-F5B59F1D5532}.Release|Any CPU.Build.0 = Release|Any CPU
		{A0BB670A-3D80-4820-8A25-46B32F4379D7}.Debug|Any CPU.ActiveCfg = Debug|Any CPU
		{A0BB670A-3D80-4820-8A25-46B32F4379D7}.Debug|Any CPU.Build.0 = Debug|Any CPU
		{A0BB670A-3D80-4820-8A25-46B32F4379D7}.Release|Any CPU.ActiveCfg = Release|Any CPU
		{A0BB670A-3D80-4820-8A25-46B32F4379D7}.Release|Any CPU.Build.0 = Release|Any CPU
	EndGlobalSection
	GlobalSection(SolutionProperties) = preSolution
		HideSolutionNode = FALSE
	EndGlobalSection
	GlobalSection(ExtensibilityGlobals) = postSolution
		SolutionGuid = {B91CD4E2-380D-43BF-86C2-801E0DDA9C3E}
	EndGlobalSection
EndGlobal
